
Microsoft Visual Studio Solution File, Format Version 12.00
# Visual Studio Version 17
VisualStudioVersion = 17.8.34330.188
MinimumVisualStudioVersion = 10.0.40219.1
Project("{FAE04EC0-301F-11D3-BF4B-00C04F79EFBC}") = "ReactAppWithBackend.Server", "src\ReactAppWithBackend.Server\ReactAppWithBackend.Server.csproj", "{45B12613-4B31-46B7-AF4B-BBA0136459C2}"
EndProject
Project("{54A90642-561A-4BB1-A94E-469ADEE60C69}") = "reactappwithbackend.client", "src\reactappwithbackend.client\reactappwithbackend.client.esproj", "{4786A39A-A383-43B6-9542-09CBEADF2B43}"
EndProject
Project("{54A90642-561A-4BB1-A94E-469ADEE60C69}") = "reactappwithbackend.pamclient", "src\reactappwithbackend.pamclient\reactappwithbackend.pamclient.esproj", "{6FEE69DE-F785-4F15-B68D-54F431344E8C}"
EndProject
Global
	GlobalSection(SolutionConfigurationPlatforms) = preSolution
		Debug|Any CPU = Debug|Any CPU
		Release|Any CPU = Release|Any CPU
	EndGlobalSection
	GlobalSection(ProjectConfigurationPlatforms) = postSolution
		{45B12613-4B31-46B7-AF4B-BBA0136459C2}.Debug|Any CPU.ActiveCfg = Debug|Any CPU
		{45B12613-4B31-46B7-AF4B-BBA0136459C2}.Debug|Any CPU.Build.0 = Debug|Any CPU
		{45B12613-4B31-46B7-AF4B-BBA0136459C2}.Release|Any CPU.ActiveCfg = Release|Any CPU
		{45B12613-4B31-46B7-AF4B-BBA0136459C2}.Release|Any CPU.Build.0 = Release|Any CPU
		{4786A39A-A383-43B6-9542-09CBEADF2B43}.Debug|Any CPU.ActiveCfg = Debug|Any CPU
		{4786A39A-A383-43B6-9542-09CBEADF2B43}.Debug|Any CPU.Build.0 = Debug|Any CPU
		{4786A39A-A383-43B6-9542-09CBEADF2B43}.Debug|Any CPU.Deploy.0 = Debug|Any CPU
		{4786A39A-A383-43B6-9542-09CBEADF2B43}.Release|Any CPU.ActiveCfg = Release|Any CPU
		{4786A39A-A383-43B6-9542-09CBEADF2B43}.Release|Any CPU.Build.0 = Release|Any CPU
		{4786A39A-A383-43B6-9542-09CBEADF2B43}.Release|Any CPU.Deploy.0 = Release|Any CPU
		{6FEE69DE-F785-4F15-B68D-54F431344E8C}.Debug|Any CPU.ActiveCfg = Debug|Any CPU
		{6FEE69DE-F785-4F15-B68D-54F431344E8C}.Debug|Any CPU.Build.0 = Debug|Any CPU
		{6FEE69DE-F785-4F15-B68D-54F431344E8C}.Debug|Any CPU.Deploy.0 = Debug|Any CPU
		{6FEE69DE-F785-4F15-B68D-54F431344E8C}.Release|Any CPU.ActiveCfg = Release|Any CPU
		{6FEE69DE-F785-4F15-B68D-54F431344E8C}.Release|Any CPU.Build.0 = Release|Any CPU
		{6FEE69DE-F785-4F15-B68D-54F431344E8C}.Release|Any CPU.Deploy.0 = Release|Any CPU
	EndGlobalSection
	GlobalSection(SolutionProperties) = preSolution
		HideSolutionNode = FALSE
	EndGlobalSection
	GlobalSection(ExtensibilityGlobals) = postSolution
		SolutionGuid = {4D3BD41D-1C24-46ED-BEAF-F1ADAAAA4187}
	EndGlobalSection
EndGlobal
